
Microsoft Visual Studio Solution File, Format Version 12.00
# Visual Studio Version 16
VisualStudioVersion = 16.0.29709.97
MinimumVisualStudioVersion = 10.0.40219.1
Project("{FAE04EC0-301F-11D3-BF4B-00C04F79EFBC}") = "canontool", "canontool\canontool.csproj", "{8FCA2F3A-1BEB-4DA4-B612-AF4B27B72214}"
EndProject
Global
	GlobalSection(SolutionConfigurationPlatforms) = preSolution
		Debug|Any CPU = Debug|Any CPU
		Release|Any CPU = Release|Any CPU
	EndGlobalSection
	GlobalSection(ProjectConfigurationPlatforms) = postSolution
		{8FCA2F3A-1BEB-4DA4-B612-AF4B27B72214}.Debug|Any CPU.ActiveCfg = Debug|Any CPU
		{8FCA2F3A-1BEB-4DA4-B612-AF4B27B72214}.Debug|Any CPU.Build.0 = Debug|Any CPU
		{8FCA2F3A-1BEB-4DA4-B612-AF4B27B72214}.Release|Any CPU.ActiveCfg = Release|Any CPU
		{8FCA2F3A-1BEB-4DA4-B612-AF4B27B72214}.Release|Any CPU.Build.0 = Release|Any CPU
	EndGlobalSection
	GlobalSection(SolutionProperties) = preSolution
		HideSolutionNode = FALSE
	EndGlobalSection
	GlobalSection(ExtensibilityGlobals) = postSolution
		SolutionGuid = {166AB617-8DA4-4708-82AE-1FAEB456B3B2}
	EndGlobalSection
EndGlobal
